
Microsoft Visual Studio Solution File, Format Version 12.00
# Visual Studio 14
VisualStudioVersion = 14.0.25420.1
MinimumVisualStudioVersion = 10.0.40219.1
Project("{FAE04EC0-301F-11D3-BF4B-00C04F79EFBC}") = "CustomUserService", "CustomUserService\CustomUserService\CustomUserService.csproj", "{F74E7A67-19F8-4CD5-8EA0-0EB7F8305515}"
EndProject
Project("{FAE04EC0-301F-11D3-BF4B-00C04F79EFBC}") = "WebAPI2 SwashBuckle Multitenancy", "WebAPI2 SwashBuckle Multitenancy\WebAPI2 SwashBuckle Multitenancy.csproj", "{2F418037-617D-4BF6-89BA-C30F2CF39CE6}"
EndProject
Project("{2150E333-8FDC-42A3-9474-1A3956D46DE8}") = "WebApiSwashbuckle", "WebApiSwashbuckle", "{1355223F-D5D6-4C68-BC09-AE9B24A63D37}"
EndProject
Project("{2150E333-8FDC-42A3-9474-1A3956D46DE8}") = "SignalRSelfHost", "SignalRSelfHost", "{2C87C474-F386-4410-B8DC-5FB66185AF4C}"
EndProject
Project("{FAE04EC0-301F-11D3-BF4B-00C04F79EFBC}") = "SignalRClient", "SignalRClient\SignalRClient.csproj", "{98930600-0AB9-4CF6-867C-E8F1E6BF829B}"
EndProject
Project("{FAE04EC0-301F-11D3-BF4B-00C04F79EFBC}") = "SignalRSelfHost", "SignalRSelfHost\SignalRSelfHost.csproj", "{5B206135-72EA-4ED8-8828-B40375170F49}"
EndProject
Global
	GlobalSection(SolutionConfigurationPlatforms) = preSolution
		Debug|Any CPU = Debug|Any CPU
		Release|Any CPU = Release|Any CPU
	EndGlobalSection
	GlobalSection(ProjectConfigurationPlatforms) = postSolution
		{F74E7A67-19F8-4CD5-8EA0-0EB7F8305515}.Debug|Any CPU.ActiveCfg = Debug|Any CPU
		{F74E7A67-19F8-4CD5-8EA0-0EB7F8305515}.Debug|Any CPU.Build.0 = Debug|Any CPU
		{F74E7A67-19F8-4CD5-8EA0-0EB7F8305515}.Release|Any CPU.ActiveCfg = Release|Any CPU
		{F74E7A67-19F8-4CD5-8EA0-0EB7F8305515}.Release|Any CPU.Build.0 = Release|Any CPU
		{2F418037-617D-4BF6-89BA-C30F2CF39CE6}.Debug|Any CPU.ActiveCfg = Debug|Any CPU
		{2F418037-617D-4BF6-89BA-C30F2CF39CE6}.Debug|Any CPU.Build.0 = Debug|Any CPU
		{2F418037-617D-4BF6-89BA-C30F2CF39CE6}.Release|Any CPU.ActiveCfg = Release|Any CPU
		{2F418037-617D-4BF6-89BA-C30F2CF39CE6}.Release|Any CPU.Build.0 = Release|Any CPU
		{98930600-0AB9-4CF6-867C-E8F1E6BF829B}.Debug|Any CPU.ActiveCfg = Debug|Any CPU
		{98930600-0AB9-4CF6-867C-E8F1E6BF829B}.Debug|Any CPU.Build.0 = Debug|Any CPU
		{98930600-0AB9-4CF6-867C-E8F1E6BF829B}.Release|Any CPU.ActiveCfg = Release|Any CPU
		{98930600-0AB9-4CF6-867C-E8F1E6BF829B}.Release|Any CPU.Build.0 = Release|Any CPU
		{5B206135-72EA-4ED8-8828-B40375170F49}.Debug|Any CPU.ActiveCfg = Debug|Any CPU
		{5B206135-72EA-4ED8-8828-B40375170F49}.Debug|Any CPU.Build.0 = Debug|Any CPU
		{5B206135-72EA-4ED8-8828-B40375170F49}.Release|Any CPU.ActiveCfg = Release|Any CPU
		{5B206135-72EA-4ED8-8828-B40375170F49}.Release|Any CPU.Build.0 = Release|Any CPU
	EndGlobalSection
	GlobalSection(SolutionProperties) = preSolution
		HideSolutionNode = FALSE
	EndGlobalSection
	GlobalSection(NestedProjects) = preSolution
		{2F418037-617D-4BF6-89BA-C30F2CF39CE6} = {1355223F-D5D6-4C68-BC09-AE9B24A63D37}
		{98930600-0AB9-4CF6-867C-E8F1E6BF829B} = {2C87C474-F386-4410-B8DC-5FB66185AF4C}
		{5B206135-72EA-4ED8-8828-B40375170F49} = {2C87C474-F386-4410-B8DC-5FB66185AF4C}
	EndGlobalSection
EndGlobal
